// !$*UTF8*$!
{
	archiveVersion = 1;
	classes = {
	};
	objectVersion = 44;
	objects = {

/* Begin PBXBuildFile section */
		8DD76F9C0486AA7600D96B5E /* Foundation.framework in Frameworks */ = {isa = PBXBuildFile; fileRef = 08FB779EFE84155DC02AAC07 /* Foundation.framework */; };
		8DD76F9F0486AA7600D96B5E /* NDAppleScript.1 in CopyFiles */ = {isa = PBXBuildFile; fileRef = C6859EA3029092ED04C91782 /* NDAppleScript.1 */; };
		AB473E890D900DE700CB6816 /* NDAppleScriptObject.m in Sources */ = {isa = PBXBuildFile; fileRef = AB473E7B0D900DE700CB6816 /* NDAppleScriptObject.m */; };
		AB473E8A0D900DE700CB6816 /* NDComponentInstance.m in Sources */ = {isa = PBXBuildFile; fileRef = AB473E7E0D900DE700CB6816 /* NDComponentInstance.m */; };
		AB473E8C0D900DE700CB6816 /* NSAppleEventDescriptor+NDAppleScriptObject.m in Sources */ = {isa = PBXBuildFile; fileRef = AB473E820D900DE700CB6816 /* NSAppleEventDescriptor+NDAppleScriptObject.m */; };
		AB473E910D900E0300CB6816 /* main.m in Sources */ = {isa = PBXBuildFile; fileRef = AB473E900D900E0300CB6816 /* main.m */; };
		AB473EAE0D9011A700CB6816 /* Carbon.framework in Frameworks */ = {isa = PBXBuildFile; fileRef = AB473EAD0D9011A700CB6816 /* Carbon.framework */; };
/* End PBXBuildFile section */

/* Begin PBXCopyFilesBuildPhase section */
		8DD76F9E0486AA7600D96B5E /* CopyFiles */ = {
			isa = PBXCopyFilesBuildPhase;
			buildActionMask = 8;
			dstPath = /usr/share/man/man1/;
			dstSubfolderSpec = 0;
			files = (
				8DD76F9F0486AA7600D96B5E /* NDAppleScript.1 in CopyFiles */,
			);
			runOnlyForDeploymentPostprocessing = 1;
		};
/* End PBXCopyFilesBuildPhase section */

/* Begin PBXFileReference section */
		08FB779EFE84155DC02AAC07 /* Foundation.framework */ = {isa = PBXFileReference; lastKnownFileType = wrapper.framework; name = Foundation.framework; path = /System/Library/Frameworks/Foundation.framework; sourceTree = "<absolute>"; };
		32A70AAB03705E1F00C91783 /* NDAppleScript_Prefix.pch */ = {isa = PBXFileReference; fileEncoding = 4; lastKnownFileType = sourcecode.c.h; path = NDAppleScript_Prefix.pch; sourceTree = "<group>"; };
		8DD76FA10486AA7600D96B5E /* NDAppleScript */ = {isa = PBXFileReference; explicitFileType = "compiled.mach-o.executable"; includeInIndex = 0; path = NDAppleScript; sourceTree = BUILT_PRODUCTS_DIR; };
		AB473E7A0D900DE700CB6816 /* NDAppleScriptObject.h */ = {isa = PBXFileReference; fileEncoding = 4; lastKnownFileType = sourcecode.c.h; path = NDAppleScriptObject.h; sourceTree = "<group>"; };
		AB473E7B0D900DE700CB6816 /* NDAppleScriptObject.m */ = {isa = PBXFileReference; fileEncoding = 4; lastKnownFileType = sourcecode.c.objc; path = NDAppleScriptObject.m; sourceTree = "<group>"; };
		AB473E7C0D900DE700CB6816 /* NDAppleScriptObject_Protocols.h */ = {isa = PBXFileReference; fileEncoding = 4; lastKnownFileType = sourcecode.c.h; path = NDAppleScriptObject_Protocols.h; sourceTree = "<group>"; };
		AB473E7D0D900DE700CB6816 /* NDComponentInstance.h */ = {isa = PBXFileReference; fileEncoding = 4; lastKnownFileType = sourcecode.c.h; path = NDComponentInstance.h; sourceTree = "<group>"; };
		AB473E7E0D900DE700CB6816 /* NDComponentInstance.m */ = {isa = PBXFileReference; fileEncoding = 4; lastKnownFileType = sourcecode.c.objc; path = NDComponentInstance.m; sourceTree = "<group>"; };
		AB473E7F0D900DE700CB6816 /* NDResourceFork.h */ = {isa = PBXFileReference; fileEncoding = 4; lastKnownFileType = sourcecode.c.h; path = NDResourceFork.h; sourceTree = "<group>"; };
		AB473E800D900DE700CB6816 /* NDResourceFork.m */ = {isa = PBXFileReference; fileEncoding = 4; lastKnownFileType = sourcecode.c.objc; path = NDResourceFork.m; sourceTree = "<group>"; };
		AB473E810D900DE700CB6816 /* NSAppleEventDescriptor+NDAppleScriptObject.h */ = {isa = PBXFileReference; fileEncoding = 4; lastKnownFileType = sourcecode.c.h; path = "NSAppleEventDescriptor+NDAppleScriptObject.h"; sourceTree = "<group>"; };
		AB473E820D900DE700CB6816 /* NSAppleEventDescriptor+NDAppleScriptObject.m */ = {isa = PBXFileReference; fileEncoding = 4; lastKnownFileType = sourcecode.c.objc; path = "NSAppleEventDescriptor+NDAppleScriptObject.m"; sourceTree = "<group>"; };
		AB473E830D900DE700CB6816 /* NSString+NDCarbonUtilities.h */ = {isa = PBXFileReference; fileEncoding = 4; lastKnownFileType = sourcecode.c.h; path = "NSString+NDCarbonUtilities.h"; sourceTree = "<group>"; };
		AB473E840D900DE700CB6816 /* NSString+NDCarbonUtilities.m */ = {isa = PBXFileReference; fileEncoding = 4; lastKnownFileType = sourcecode.c.objc; path = "NSString+NDCarbonUtilities.m"; sourceTree = "<group>"; };
		AB473E850D900DE700CB6816 /* NSString+NDUtilities.h */ = {isa = PBXFileReference; fileEncoding = 4; lastKnownFileType = sourcecode.c.h; path = "NSString+NDUtilities.h"; sourceTree = "<group>"; };
		AB473E860D900DE700CB6816 /* NSString+NDUtilities.m */ = {isa = PBXFileReference; fileEncoding = 4; lastKnownFileType = sourcecode.c.objc; path = "NSString+NDUtilities.m"; sourceTree = "<group>"; };
		AB473E870D900DE700CB6816 /* NSURL+NDCarbonUtilities.h */ = {isa = PBXFileReference; fileEncoding = 4; lastKnownFileType = sourcecode.c.h; path = "NSURL+NDCarbonUtilities.h"; sourceTree = "<group>"; };
		AB473E880D900DE700CB6816 /* NSURL+NDCarbonUtilities.m */ = {isa = PBXFileReference; fileEncoding = 4; lastKnownFileType = sourcecode.c.objc; path = "NSURL+NDCarbonUtilities.m"; sourceTree = "<group>"; };
		AB473E900D900E0300CB6816 /* main.m */ = {isa = PBXFileReference; fileEncoding = 4; lastKnownFileType = sourcecode.c.objc; path = main.m; sourceTree = "<group>"; };
		AB473EAD0D9011A700CB6816 /* Carbon.framework */ = {isa = PBXFileReference; lastKnownFileType = wrapper.framework; name = Carbon.framework; path = /System/Library/Frameworks/Carbon.framework; sourceTree = "<absolute>"; };
		C6859EA3029092ED04C91782 /* NDAppleScript.1 */ = {isa = PBXFileReference; lastKnownFileType = text.man; path = NDAppleScript.1; sourceTree = "<group>"; };
/* End PBXFileReference section */

/* Begin PBXFrameworksBuildPhase section */
		8DD76F9B0486AA7600D96B5E /* Frameworks */ = {
			isa = PBXFrameworksBuildPhase;
			buildActionMask = 2147483647;
			files = (
				8DD76F9C0486AA7600D96B5E /* Foundation.framework in Frameworks */,
				AB473EAE0D9011A700CB6816 /* Carbon.framework in Frameworks */,
			);
			runOnlyForDeploymentPostprocessing = 0;
		};
/* End PBXFrameworksBuildPhase section */

/* Begin PBXGroup section */
		08FB7794FE84155DC02AAC07 /* NDAppleScript */ = {
			isa = PBXGroup;
			children = (
				08FB7795FE84155DC02AAC07 /* Source */,
				C6859EA2029092E104C91782 /* Documentation */,
				08FB779DFE84155DC02AAC07 /* External Frameworks and Libraries */,
				1AB674ADFE9D54B511CA2CBB /* Products */,
			);
			name = NDAppleScript;
			sourceTree = "<group>";
		};
		08FB7795FE84155DC02AAC07 /* Source */ = {
			isa = PBXGroup;
			children = (
				AB473E900D900E0300CB6816 /* main.m */,
				AB473E7A0D900DE700CB6816 /* NDAppleScriptObject.h */,
				AB473E7B0D900DE700CB6816 /* NDAppleScriptObject.m */,
				AB473E7C0D900DE700CB6816 /* NDAppleScriptObject_Protocols.h */,
				AB473E7D0D900DE700CB6816 /* NDComponentInstance.h */,
				AB473E7E0D900DE700CB6816 /* NDComponentInstance.m */,
				AB473E7F0D900DE700CB6816 /* NDResourceFork.h */,
				AB473E800D900DE700CB6816 /* NDResourceFork.m */,
				AB473E810D900DE700CB6816 /* NSAppleEventDescriptor+NDAppleScriptObject.h */,
				AB473E820D900DE700CB6816 /* NSAppleEventDescriptor+NDAppleScriptObject.m */,
				AB473E830D900DE700CB6816 /* NSString+NDCarbonUtilities.h */,
				AB473E840D900DE700CB6816 /* NSString+NDCarbonUtilities.m */,
				AB473E850D900DE700CB6816 /* NSString+NDUtilities.h */,
				AB473E860D900DE700CB6816 /* NSString+NDUtilities.m */,
				AB473E870D900DE700CB6816 /* NSURL+NDCarbonUtilities.h */,
				AB473E880D900DE700CB6816 /* NSURL+NDCarbonUtilities.m */,
				32A70AAB03705E1F00C91783 /* NDAppleScript_Prefix.pch */,
			);
			name = Source;
			sourceTree = "<group>";
		};
		08FB779DFE84155DC02AAC07 /* External Frameworks and Libraries */ = {
			isa = PBXGroup;
			children = (
				AB473EAD0D9011A700CB6816 /* Carbon.framework */,
				08FB779EFE84155DC02AAC07 /* Foundation.framework */,
			);
			name = "External Frameworks and Libraries";
			sourceTree = "<group>";
		};
		1AB674ADFE9D54B511CA2CBB /* Products */ = {
			isa = PBXGroup;
			children = (
				8DD76FA10486AA7600D96B5E /* NDAppleScript */,
			);
			name = Products;
			sourceTree = "<group>";
		};
		C6859EA2029092E104C91782 /* Documentation */ = {
			isa = PBXGroup;
			children = (
				C6859EA3029092ED04C91782 /* NDAppleScript.1 */,
			);
			name = Documentation;
			sourceTree = "<group>";
		};
/* End PBXGroup section */

/* Begin PBXNativeTarget section */
		8DD76F960486AA7600D96B5E /* NDAppleScript */ = {
			isa = PBXNativeTarget;
			buildConfigurationList = 1DEB927408733DD40010E9CD /* Build configuration list for PBXNativeTarget "NDAppleScript" */;
			buildPhases = (
				8DD76F990486AA7600D96B5E /* Sources */,
				8DD76F9B0486AA7600D96B5E /* Frameworks */,
				8DD76F9E0486AA7600D96B5E /* CopyFiles */,
			);
			buildRules = (
			);
			dependencies = (
			);
			name = NDAppleScript;
			productInstallPath = "$(HOME)/bin";
			productName = NDAppleScript;
			productReference = 8DD76FA10486AA7600D96B5E /* NDAppleScript */;
			productType = "com.apple.product-type.tool";
		};
/* End PBXNativeTarget section */

/* Begin PBXProject section */
		08FB7793FE84155DC02AAC07 /* Project object */ = {
			isa = PBXProject;
			buildConfigurationList = 1DEB927808733DD40010E9CD /* Build configuration list for PBXProject "NDAppleScript" */;
			compatibilityVersion = "Xcode 3.0";
			hasScannedForEncodings = 1;
			mainGroup = 08FB7794FE84155DC02AAC07 /* NDAppleScript */;
			projectDirPath = "";
			projectRoot = "";
			targets = (
				8DD76F960486AA7600D96B5E /* NDAppleScript */,
			);
		};
/* End PBXProject section */

/* Begin PBXSourcesBuildPhase section */
		8DD76F990486AA7600D96B5E /* Sources */ = {
			isa = PBXSourcesBuildPhase;
			buildActionMask = 2147483647;
			files = (
				AB473E890D900DE700CB6816 /* NDAppleScriptObject.m in Sources */,
				AB473E8A0D900DE700CB6816 /* NDComponentInstance.m in Sources */,
				AB473E8C0D900DE700CB6816 /* NSAppleEventDescriptor+NDAppleScriptObject.m in Sources */,
				AB473E910D900E0300CB6816 /* main.m in Sources */,
			);
			runOnlyForDeploymentPostprocessing = 0;
		};
/* End PBXSourcesBuildPhase section */

/* Begin XCBuildConfiguration section */
		1DEB927508733DD40010E9CD /* Debug */ = {
			isa = XCBuildConfiguration;
			buildSettings = {
				COPY_PHASE_STRIP = NO;
				GCC_DYNAMIC_NO_PIC = NO;
				GCC_ENABLE_FIX_AND_CONTINUE = YES;
				GCC_MODEL_TUNING = G5;
				GCC_OPTIMIZATION_LEVEL = 0;
				GCC_PRECOMPILE_PREFIX_HEADER = YES;
				GCC_PREFIX_HEADER = NDAppleScript_Prefix.pch;
				INSTALL_PATH = /usr/local/bin;
				PRODUCT_NAME = NDAppleScript;
				ZERO_LINK = YES;
			};
			name = Debug;
		};
		1DEB927608733DD40010E9CD /* Release */ = {
			isa = XCBuildConfiguration;
			buildSettings = {
				DEBUG_INFORMATION_FORMAT = "dwarf-with-dsym";
				GCC_MODEL_TUNING = G5;
				GCC_PRECOMPILE_PREFIX_HEADER = YES;
				GCC_PREFIX_HEADER = NDAppleScript_Prefix.pch;
				INSTALL_PATH = /usr/local/bin;
				PRODUCT_NAME = NDAppleScript;
			};
			name = Release;
		};
		1DEB927908733DD40010E9CD /* Debug */ = {
			isa = XCBuildConfiguration;
			buildSettings = {
				ARCHS = "$(NATIVE_ARCH_32_BIT)";
				GCC_ENABLE_OBJC_GC = required;
				GCC_WARN_ABOUT_RETURN_TYPE = YES;
				GCC_WARN_UNUSED_VARIABLE = YES;
				PREBINDING = NO;
				SDKROOT = "$(DEVELOPER_SDK_DIR)/MacOSX10.5.sdk";
			};
			name = Debug;
		};
		1DEB927A08733DD40010E9CD /* Release */ = {
			isa = XCBuildConfiguration;
			buildSettings = {
				ARCHS = "$(NATIVE_ARCH_32_BIT)";
				GCC_ENABLE_OBJC_GC = required;
				GCC_WARN_ABOUT_RETURN_TYPE = YES;
				GCC_WARN_UNUSED_VARIABLE = YES;
				PREBINDING = NO;
				SDKROOT = "$(DEVELOPER_SDK_DIR)/MacOSX10.5.sdk";
			};
			name = Release;
		};
/* End XCBuildConfiguration section */

/* Begin XCConfigurationList section */
		1DEB927408733DD40010E9CD /* Build configuration list for PBXNativeTarget "NDAppleScript" */ = {
			isa = XCConfigurationList;
			buildConfigurations = (
				1DEB927508733DD40010E9CD /* Debug */,
				1DEB927608733DD40010E9CD /* Release */,
			);
			defaultConfigurationIsVisible = 0;
			defaultConfigurationName = Release;
		};
		1DEB927808733DD40010E9CD /* Build configuration list for PBXProject "NDAppleScript" */ = {
			isa = XCConfigurationList;
			buildConfigurations = (
				1DEB927908733DD40010E9CD /* Debug */,
				1DEB927A08733DD40010E9CD /* Release */,
			);
			defaultConfigurationIsVisible = 0;
			defaultConfigurationName = Release;
		};
/* End XCConfigurationList section */
	};
	rootObject = 08FB7793FE84155DC02AAC07 /* Project object */;
}
