// !$*UTF8*$!
{
	archiveVersion = 1;
	classes = {
	};
	objectVersion = 39;
	objects = {
		080E96DDFE201D6D7F000001 = {
			children = (
				D8875F7508420C6100994F27,
				D8875F7208420C6100994F27,
				D8875F6B08420C6100994F27,
				D8875F6A08420C6100994F27,
				D8875F7408420C6100994F27,
				D8875F7308420C6100994F27,
				D8875F7108420C6100994F27,
				D8875F7008420C6100994F27,
				D8875F6408420C6100994F27,
				D8875F6308420C6100994F27,
				D8875F6608420C6100994F27,
				D8875F6508420C6100994F27,
				D8875F6D08420C6100994F27,
				D8875F6708420C6100994F27,
				D8875F6908420C6100994F27,
				D8875F6808420C6100994F27,
				D8875F6208420C6100994F27,
				D8875F6E08420C6100994F27,
				D8875F6C08420C6100994F27,
				D8875F6F08420C6100994F27,
			);
			isa = PBXGroup;
			path = Classes;
			refType = 4;
			sourceTree = "<group>";
		};
		089C165CFE840E0CC02AAC07 = {
			children = (
				089C165DFE840E0CC02AAC07,
			);
			isa = PBXVariantGroup;
			name = InfoPlist.strings;
			refType = 4;
			sourceTree = "<group>";
		};
		089C165DFE840E0CC02AAC07 = {
			fileEncoding = 10;
			isa = PBXFileReference;
			lastKnownFileType = text.plist.strings;
			name = English;
			path = English.lproj/InfoPlist.strings;
			refType = 4;
			sourceTree = "<group>";
		};
//080
//081
//082
//083
//084
//100
//101
//102
//103
//104
		1058C7A0FEA54F0111CA2CBB = {
			children = (
				1058C7A1FEA54F0111CA2CBB,
			);
			isa = PBXGroup;
			name = "Linked Frameworks";
			refType = 4;
			sourceTree = "<group>";
		};
		1058C7A1FEA54F0111CA2CBB = {
			isa = PBXFileReference;
			lastKnownFileType = wrapper.framework;
			name = Cocoa.framework;
			path = /System/Library/Frameworks/Cocoa.framework;
			refType = 0;
			sourceTree = "<absolute>";
		};
		1058C7A2FEA54F0111CA2CBB = {
			children = (
				29B97324FDCFA39411CA2CEA,
				13E42FB307B3F0F600E4EEF1,
				29B97325FDCFA39411CA2CEA,
			);
			isa = PBXGroup;
			name = "Other Frameworks";
			refType = 4;
			sourceTree = "<group>";
		};
//100
//101
//102
//103
//104
//130
//131
//132
//133
//134
		13E42FB307B3F0F600E4EEF1 = {
			isa = PBXFileReference;
			lastKnownFileType = wrapper.framework;
			name = CoreData.framework;
			path = /System/Library/Frameworks/CoreData.framework;
			refType = 0;
			sourceTree = "<absolute>";
		};
//130
//131
//132
//133
//134
//190
//191
//192
//193
//194
		19C28FACFE9D520D11CA2CBB = {
			children = (
				8D1107320486CEB800E47090,
			);
			isa = PBXGroup;
			name = Products;
			refType = 4;
			sourceTree = "<group>";
		};
//190
//191
//192
//193
//194
//290
//291
//292
//293
//294
		29B97313FDCFA39411CA2CEA = {
			buildSettings = {
			};
			buildStyles = (
				4A9504CCFFE6A4B311CA0CBA,
				4A9504CDFFE6A4B311CA0CBA,
			);
			hasScannedForEncodings = 1;
			isa = PBXProject;
			mainGroup = 29B97314FDCFA39411CA2CEA;
			projectDirPath = "";
			targets = (
				8D1107260486CEB800E47090,
			);
		};
		29B97314FDCFA39411CA2CEA = {
			children = (
				080E96DDFE201D6D7F000001,
				D8F637340841F616003A6448,
				29B97315FDCFA39411CA2CEA,
				D8F6375D0841F652003A6448,
				29B97317FDCFA39411CA2CEA,
				29B97323FDCFA39411CA2CEA,
				D8F6377D0841F67C003A6448,
				19C28FACFE9D520D11CA2CBB,
			);
			isa = PBXGroup;
			name = NDScriptTest;
			path = "";
			refType = 4;
			sourceTree = "<group>";
		};
		29B97315FDCFA39411CA2CEA = {
			children = (
				32CA4F630368D1EE00C91783,
				29B97316FDCFA39411CA2CEA,
			);
			isa = PBXGroup;
			name = "Other Sources";
			path = "";
			refType = 4;
			sourceTree = "<group>";
		};
		29B97316FDCFA39411CA2CEA = {
			fileEncoding = 4;
			isa = PBXFileReference;
			lastKnownFileType = sourcecode.c.objc;
			path = main.m;
			refType = 4;
			sourceTree = "<group>";
		};
		29B97317FDCFA39411CA2CEA = {
			children = (
				D8F637790841F66D003A6448,
				D8F6377A0841F66D003A6448,
				D8F6377B0841F66D003A6448,
				8D1107310486CEB800E47090,
				D8F638620842006E003A6448,
				D8F638630842006E003A6448,
				089C165CFE840E0CC02AAC07,
				29B97318FDCFA39411CA2CEA,
			);
			isa = PBXGroup;
			name = Resources;
			path = "";
			refType = 4;
			sourceTree = "<group>";
		};
		29B97318FDCFA39411CA2CEA = {
			children = (
				29B97319FDCFA39411CA2CEA,
			);
			isa = PBXVariantGroup;
			name = MainMenu.nib;
			path = "";
			refType = 4;
			sourceTree = "<group>";
		};
		29B97319FDCFA39411CA2CEA = {
			isa = PBXFileReference;
			lastKnownFileType = wrapper.nib;
			name = English;
			path = English.lproj/MainMenu.nib;
			refType = 4;
			sourceTree = "<group>";
		};
		29B97323FDCFA39411CA2CEA = {
			children = (
				1058C7A0FEA54F0111CA2CBB,
				1058C7A2FEA54F0111CA2CBB,
			);
			isa = PBXGroup;
			name = Frameworks;
			path = "";
			refType = 4;
			sourceTree = "<group>";
		};
		29B97324FDCFA39411CA2CEA = {
			isa = PBXFileReference;
			lastKnownFileType = wrapper.framework;
			name = AppKit.framework;
			path = /System/Library/Frameworks/AppKit.framework;
			refType = 0;
			sourceTree = "<absolute>";
		};
		29B97325FDCFA39411CA2CEA = {
			isa = PBXFileReference;
			lastKnownFileType = wrapper.framework;
			name = Foundation.framework;
			path = /System/Library/Frameworks/Foundation.framework;
			refType = 0;
			sourceTree = "<absolute>";
		};
//290
//291
//292
//293
//294
//320
//321
//322
//323
//324
		32CA4F630368D1EE00C91783 = {
			fileEncoding = 4;
			isa = PBXFileReference;
			lastKnownFileType = sourcecode.c.h;
			path = NDScriptTest_Prefix.pch;
			refType = 4;
			sourceTree = "<group>";
		};
//320
//321
//322
//323
//324
//4A0
//4A1
//4A2
//4A3
//4A4
		4A9504CCFFE6A4B311CA0CBA = {
			buildSettings = {
				COPY_PHASE_STRIP = NO;
				GCC_DYNAMIC_NO_PIC = NO;
				GCC_ENABLE_FIX_AND_CONTINUE = YES;
				GCC_GENERATE_DEBUGGING_SYMBOLS = YES;
				GCC_OPTIMIZATION_LEVEL = 0;
				PREBINDING = NO;
				ZERO_LINK = YES;
			};
			isa = PBXBuildStyle;
			name = Development;
		};
		4A9504CDFFE6A4B311CA0CBA = {
			buildSettings = {
				COPY_PHASE_STRIP = YES;
				GCC_ENABLE_FIX_AND_CONTINUE = NO;
				GCC_GENERATE_DEBUGGING_SYMBOLS = NO;
				PREBINDING = NO;
				ZERO_LINK = NO;
			};
			isa = PBXBuildStyle;
			name = Deployment;
		};
//4A0
//4A1
//4A2
//4A3
//4A4
//8D0
//8D1
//8D2
//8D3
//8D4
		8D1107260486CEB800E47090 = {
			buildPhases = (
				8D1107290486CEB800E47090,
				8D11072C0486CEB800E47090,
				8D11072E0486CEB800E47090,
			);
			buildRules = (
			);
			buildSettings = {
				GCC_ENABLE_OBJC_EXCEPTIONS = YES;
				GCC_GENERATE_DEBUGGING_SYMBOLS = NO;
				GCC_PRECOMPILE_PREFIX_HEADER = YES;
				GCC_PREFIX_HEADER = NDScriptTest_Prefix.pch;
				GCC_WARN_ABOUT_RETURN_TYPE = YES;
				GCC_WARN_UNUSED_VARIABLE = YES;
				INFOPLIST_FILE = Info.plist;
				INSTALL_PATH = "$(HOME)/Applications";
				PRODUCT_NAME = NDScriptTest;
				WRAPPER_EXTENSION = app;
			};
			dependencies = (
			);
			isa = PBXNativeTarget;
			name = NDScriptTest;
			productInstallPath = "$(HOME)/Applications";
			productName = NDScriptTest;
			productReference = 8D1107320486CEB800E47090;
			productType = "com.apple.product-type.application";
		};
		8D1107290486CEB800E47090 = {
			buildActionMask = 2147483647;
			files = (
				8D11072A0486CEB800E47090,
				8D11072B0486CEB800E47090,
				D8F6377C0841F66D003A6448,
				D8F637800841F67C003A6448,
				D8F637810841F67C003A6448,
				D8F638640842006E003A6448,
				D8F638650842006E003A6448,
			);
			isa = PBXResourcesBuildPhase;
			runOnlyForDeploymentPostprocessing = 0;
		};
		8D11072A0486CEB800E47090 = {
			fileRef = 29B97318FDCFA39411CA2CEA;
			isa = PBXBuildFile;
			settings = {
			};
		};
		8D11072B0486CEB800E47090 = {
			fileRef = 089C165CFE840E0CC02AAC07;
			isa = PBXBuildFile;
			settings = {
			};
		};
		8D11072C0486CEB800E47090 = {
			buildActionMask = 2147483647;
			files = (
				8D11072D0486CEB800E47090,
				D8F6373B0841F616003A6448,
				D8F6373C0841F616003A6448,
				D8F6373D0841F616003A6448,
				D8F637700841F652003A6448,
				D8F637710841F652003A6448,
				D8F637720841F652003A6448,
				D8F637730841F652003A6448,
				D8F637740841F652003A6448,
				D8F637750841F652003A6448,
				D8F637770841F652003A6448,
				D8F637780841F652003A6448,
				D8875F7608420C6100994F27,
				D8875F7708420C6100994F27,
				D8875F7808420C6100994F27,
				D8875F7908420C6100994F27,
				D8875F7A08420C6100994F27,
				D8875F7B08420C6100994F27,
				D8875F7C08420C6100994F27,
				D8875F7D08420C6100994F27,
				D8875F7E08420C6100994F27,
				D815A2680849F61B00F91923,
				D81889AF0851FD090010CD10,
			);
			isa = PBXSourcesBuildPhase;
			runOnlyForDeploymentPostprocessing = 0;
		};
		8D11072D0486CEB800E47090 = {
			fileRef = 29B97316FDCFA39411CA2CEA;
			isa = PBXBuildFile;
			settings = {
				ATTRIBUTES = (
				);
			};
		};
		8D11072E0486CEB800E47090 = {
			buildActionMask = 2147483647;
			files = (
				8D11072F0486CEB800E47090,
			);
			isa = PBXFrameworksBuildPhase;
			runOnlyForDeploymentPostprocessing = 0;
		};
		8D11072F0486CEB800E47090 = {
			fileRef = 1058C7A1FEA54F0111CA2CBB;
			isa = PBXBuildFile;
			settings = {
			};
		};
		8D1107310486CEB800E47090 = {
			fileEncoding = 4;
			isa = PBXFileReference;
			lastKnownFileType = text.plist;
			path = Info.plist;
			refType = 4;
			sourceTree = "<group>";
		};
		8D1107320486CEB800E47090 = {
			explicitFileType = wrapper.application;
			includeInIndex = 0;
			isa = PBXFileReference;
			path = NDScriptTest.app;
			refType = 3;
			sourceTree = BUILT_PRODUCTS_DIR;
		};
//8D0
//8D1
//8D2
//8D3
//8D4
//D80
//D81
//D82
//D83
//D84
		D815A2660849F61B00F91923 = {
			fileEncoding = 4;
			isa = PBXFileReference;
			lastKnownFileType = sourcecode.c.h;
			path = SendAppleEventToSelf.h;
			refType = 4;
			sourceTree = "<group>";
		};
		D815A2670849F61B00F91923 = {
			fileEncoding = 4;
			isa = PBXFileReference;
			lastKnownFileType = sourcecode.c.objc;
			path = SendAppleEventToSelf.m;
			refType = 4;
			sourceTree = "<group>";
		};
		D815A2680849F61B00F91923 = {
			fileRef = D815A2670849F61B00F91923;
			isa = PBXBuildFile;
			settings = {
			};
		};
		D81889AE0851FD090010CD10 = {
			fileEncoding = 4;
			isa = PBXFileReference;
			lastKnownFileType = sourcecode.c.objc;
			path = SendAppleEventTest.m;
			refType = 4;
			sourceTree = "<group>";
		};
		D81889AF0851FD090010CD10 = {
			fileRef = D81889AE0851FD090010CD10;
			isa = PBXBuildFile;
			settings = {
			};
		};
		D8875F6208420C6100994F27 = {
			fileEncoding = 4;
			isa = PBXFileReference;
			lastKnownFileType = sourcecode.c.h;
			name = "NSString+NDUtilities.h";
			path = "../../Project Independent Classes/Foundation Kit/NSString+NDUtilities.h";
			refType = 2;
			sourceTree = SOURCE_ROOT;
		};
		D8875F6308420C6100994F27 = {
			fileEncoding = 4;
			isa = PBXFileReference;
			lastKnownFileType = sourcecode.c.objc;
			name = "NSString+NDCarbonUtilities.m";
			path = "../../Project Independent Classes/Foundation Kit/NSString+NDCarbonUtilities.m";
			refType = 2;
			sourceTree = SOURCE_ROOT;
		};
		D8875F6408420C6100994F27 = {
			fileEncoding = 4;
			isa = PBXFileReference;
			lastKnownFileType = sourcecode.c.h;
			name = "NSString+NDCarbonUtilities.h";
			path = "../../Project Independent Classes/Foundation Kit/NSString+NDCarbonUtilities.h";
			refType = 2;
			sourceTree = SOURCE_ROOT;
		};
		D8875F6508420C6100994F27 = {
			fileEncoding = 4;
			isa = PBXFileReference;
			lastKnownFileType = sourcecode.c.objc;
			name = "NSValue+NDFourCharCode.m";
			path = "../../Project Independent Classes/Foundation Kit/NSValue+NDFourCharCode.m";
			refType = 2;
			sourceTree = SOURCE_ROOT;
		};
		D8875F6608420C6100994F27 = {
			fileEncoding = 4;
			isa = PBXFileReference;
			lastKnownFileType = sourcecode.c.h;
			name = "NSValue+NDFourCharCode.h";
			path = "../../Project Independent Classes/Foundation Kit/NSValue+NDFourCharCode.h";
			refType = 2;
			sourceTree = SOURCE_ROOT;
		};
		D8875F6708420C6100994F27 = {
			fileEncoding = 4;
			isa = PBXFileReference;
			lastKnownFileType = sourcecode.c.objc;
			name = "NSURL+NDCarbonUtilities.m";
			path = "../../Project Independent Classes/Foundation Kit/NSURL+NDCarbonUtilities.m";
			refType = 2;
			sourceTree = SOURCE_ROOT;
		};
		D8875F6808420C6100994F27 = {
			fileEncoding = 4;
			isa = PBXFileReference;
			lastKnownFileType = sourcecode.c.objc;
			name = NDProgrammerUtilities.m;
			path = "../../Project Independent Classes/NDProgrammerUtilities.m";
			refType = 2;
			sourceTree = SOURCE_ROOT;
		};
		D8875F6908420C6100994F27 = {
			fileEncoding = 4;
			isa = PBXFileReference;
			lastKnownFileType = sourcecode.c.h;
			name = NDProgrammerUtilities.h;
			path = "../../Project Independent Classes/NDProgrammerUtilities.h";
			refType = 2;
			sourceTree = SOURCE_ROOT;
		};
		D8875F6A08420C6100994F27 = {
			fileEncoding = 4;
			isa = PBXFileReference;
			lastKnownFileType = sourcecode.c.objc;
			name = NDComponentInstance.m;
			path = "../../Project Independent Classes/Foundation Kit/NDComponentInstance.m";
			refType = 2;
			sourceTree = SOURCE_ROOT;
		};
		D8875F6B08420C6100994F27 = {
			fileEncoding = 4;
			isa = PBXFileReference;
			lastKnownFileType = sourcecode.c.h;
			name = NDComponentInstance.h;
			path = "../../Project Independent Classes/Foundation Kit/NDComponentInstance.h";
			refType = 2;
			sourceTree = SOURCE_ROOT;
		};
		D8875F6C08420C6100994F27 = {
			fileEncoding = 4;
			isa = PBXFileReference;
			lastKnownFileType = sourcecode.c.h;
			name = IntegerMath.h;
			path = "../../Project Independent Classes/C functions/IntegerMath.h";
			refType = 2;
			sourceTree = SOURCE_ROOT;
		};
		D8875F6D08420C6100994F27 = {
			fileEncoding = 4;
			isa = PBXFileReference;
			lastKnownFileType = sourcecode.c.h;
			name = "NSURL+NDCarbonUtilities.h";
			path = "../../Project Independent Classes/Foundation Kit/NSURL+NDCarbonUtilities.h";
			refType = 2;
			sourceTree = SOURCE_ROOT;
		};
		D8875F6E08420C6100994F27 = {
			fileEncoding = 4;
			isa = PBXFileReference;
			lastKnownFileType = sourcecode.c.objc;
			name = "NSString+NDUtilities.m";
			path = "../../Project Independent Classes/Foundation Kit/NSString+NDUtilities.m";
			refType = 2;
			sourceTree = SOURCE_ROOT;
		};
		D8875F6F08420C6100994F27 = {
			fileEncoding = 4;
			isa = PBXFileReference;
			lastKnownFileType = sourcecode.c.c;
			name = IntegerMath.c;
			path = "../../Project Independent Classes/C functions/IntegerMath.c";
			refType = 2;
			sourceTree = SOURCE_ROOT;
		};
		D8875F7008420C6100994F27 = {
			fileEncoding = 4;
			isa = PBXFileReference;
			lastKnownFileType = sourcecode.c.objc;
			name = "NSAppleEventDescriptor+NDScriptData.m";
			path = "../../Project Independent Classes/Foundation Kit/NSAppleEventDescriptor+NDScriptData.m";
			refType = 2;
			sourceTree = SOURCE_ROOT;
		};
		D8875F7108420C6100994F27 = {
			fileEncoding = 4;
			isa = PBXFileReference;
			lastKnownFileType = sourcecode.c.h;
			name = "NSAppleEventDescriptor+NDScriptData.h";
			path = "../../Project Independent Classes/Foundation Kit/NSAppleEventDescriptor+NDScriptData.h";
			refType = 2;
			sourceTree = SOURCE_ROOT;
		};
		D8875F7208420C6100994F27 = {
			fileEncoding = 4;
			isa = PBXFileReference;
			lastKnownFileType = sourcecode.c.h;
			name = NDScriptData_Protocols.h;
			path = "../../Project Independent Classes/Foundation Kit/NDScriptData_Protocols.h";
			refType = 2;
			sourceTree = SOURCE_ROOT;
		};
		D8875F7308420C6100994F27 = {
			fileEncoding = 4;
			isa = PBXFileReference;
			lastKnownFileType = sourcecode.c.objc;
			name = NDScriptData.m;
			path = "../../Project Independent Classes/Foundation Kit/NDScriptData.m";
			refType = 2;
			sourceTree = SOURCE_ROOT;
		};
		D8875F7408420C6100994F27 = {
			fileEncoding = 4;
			isa = PBXFileReference;
			lastKnownFileType = sourcecode.c.h;
			name = NDScriptData.h;
			path = "../../Project Independent Classes/Foundation Kit/NDScriptData.h";
			refType = 2;
			sourceTree = SOURCE_ROOT;
		};
		D8875F7508420C6100994F27 = {
			fileEncoding = 4;
			isa = PBXFileReference;
			lastKnownFileType = sourcecode.c.h;
			name = NDScript.h;
			path = "../../Project Independent Classes/Foundation Kit/NDScript.h";
			refType = 2;
			sourceTree = SOURCE_ROOT;
		};
		D8875F7608420C6100994F27 = {
			fileRef = D8875F6308420C6100994F27;
			isa = PBXBuildFile;
			settings = {
			};
		};
		D8875F7708420C6100994F27 = {
			fileRef = D8875F6508420C6100994F27;
			isa = PBXBuildFile;
			settings = {
			};
		};
		D8875F7808420C6100994F27 = {
			fileRef = D8875F6708420C6100994F27;
			isa = PBXBuildFile;
			settings = {
			};
		};
		D8875F7908420C6100994F27 = {
			fileRef = D8875F6808420C6100994F27;
			isa = PBXBuildFile;
			settings = {
			};
		};
		D8875F7A08420C6100994F27 = {
			fileRef = D8875F6A08420C6100994F27;
			isa = PBXBuildFile;
			settings = {
			};
		};
		D8875F7B08420C6100994F27 = {
			fileRef = D8875F6E08420C6100994F27;
			isa = PBXBuildFile;
			settings = {
			};
		};
		D8875F7C08420C6100994F27 = {
			fileRef = D8875F6F08420C6100994F27;
			isa = PBXBuildFile;
			settings = {
			};
		};
		D8875F7D08420C6100994F27 = {
			fileRef = D8875F7008420C6100994F27;
			isa = PBXBuildFile;
			settings = {
			};
		};
		D8875F7E08420C6100994F27 = {
			fileRef = D8875F7308420C6100994F27;
			isa = PBXBuildFile;
			settings = {
			};
		};
		D8F637340841F616003A6448 = {
			children = (
				D8F637350841F616003A6448,
				D8F637360841F616003A6448,
				D8F637370841F616003A6448,
				D8F637380841F616003A6448,
				D8F637390841F616003A6448,
				D8F6373A0841F616003A6448,
			);
			isa = PBXGroup;
			path = "Other Classes";
			refType = 4;
			sourceTree = "<group>";
		};
		D8F637350841F616003A6448 = {
			fileEncoding = 4;
			isa = PBXFileReference;
			lastKnownFileType = sourcecode.c.h;
			path = ApplicationDelegate.h;
			refType = 4;
			sourceTree = "<group>";
		};
		D8F637360841F616003A6448 = {
			fileEncoding = 4;
			isa = PBXFileReference;
			lastKnownFileType = sourcecode.c.objc;
			path = ApplicationDelegate.m;
			refType = 4;
			sourceTree = "<group>";
		};
		D8F637370841F616003A6448 = {
			fileEncoding = 4;
			isa = PBXFileReference;
			lastKnownFileType = sourcecode.c.h;
			path = LoggingObject.h;
			refType = 4;
			sourceTree = "<group>";
		};
		D8F637380841F616003A6448 = {
			fileEncoding = 4;
			isa = PBXFileReference;
			lastKnownFileType = sourcecode.c.objc;
			path = LoggingObject.m;
			refType = 4;
			sourceTree = "<group>";
		};
		D8F637390841F616003A6448 = {
			fileEncoding = 4;
			isa = PBXFileReference;
			lastKnownFileType = sourcecode.c.h;
			path = "NSApplication+AppleScript.h";
			refType = 4;
			sourceTree = "<group>";
		};
		D8F6373A0841F616003A6448 = {
			fileEncoding = 4;
			isa = PBXFileReference;
			lastKnownFileType = sourcecode.c.objc;
			path = "NSApplication+AppleScript.m";
			refType = 4;
			sourceTree = "<group>";
		};
		D8F6373B0841F616003A6448 = {
			fileRef = D8F637360841F616003A6448;
			isa = PBXBuildFile;
			settings = {
			};
		};
		D8F6373C0841F616003A6448 = {
			fileRef = D8F637380841F616003A6448;
			isa = PBXBuildFile;
			settings = {
			};
		};
		D8F6373D0841F616003A6448 = {
			fileRef = D8F6373A0841F616003A6448;
			isa = PBXBuildFile;
			settings = {
			};
		};
		D8F6375D0841F652003A6448 = {
			children = (
				D8F6375E0841F652003A6448,
				D8F6375F0841F652003A6448,
				D8F637640841F652003A6448,
				D8F637650841F652003A6448,
				D8F637600841F652003A6448,
				D8F637610841F652003A6448,
				D8F637620841F652003A6448,
				D8F637630841F652003A6448,
				D8F637660841F652003A6448,
				D8F637670841F652003A6448,
				D8F637680841F652003A6448,
				D8F637690841F652003A6448,
				D8F6376A0841F652003A6448,
				D81889AE0851FD090010CD10,
				D815A2660849F61B00F91923,
				D815A2670849F61B00F91923,
				D8F6376C0841F652003A6448,
				D8F6376D0841F652003A6448,
				D8F6376E0841F652003A6448,
				D8F6376F0841F652003A6448,
			);
			isa = PBXGroup;
			path = Tests;
			refType = 4;
			sourceTree = "<group>";
		};
		D8F6375E0841F652003A6448 = {
			fileEncoding = 4;
			isa = PBXFileReference;
			lastKnownFileType = sourcecode.c.h;
			path = BaseTestClass.h;
			refType = 4;
			sourceTree = "<group>";
		};
		D8F6375F0841F652003A6448 = {
			fileEncoding = 4;
			isa = PBXFileReference;
			lastKnownFileType = sourcecode.c.objc;
			path = BaseTestClass.m;
			refType = 4;
			sourceTree = "<group>";
		};
		D8F637600841F652003A6448 = {
			fileEncoding = 4;
			isa = PBXFileReference;
			lastKnownFileType = sourcecode.c.h;
			path = ProcedureCalling.h;
			refType = 4;
			sourceTree = "<group>";
		};
		D8F637610841F652003A6448 = {
			fileEncoding = 4;
			isa = PBXFileReference;
			lastKnownFileType = sourcecode.c.objc;
			path = ProcedureCalling.m;
			refType = 4;
			sourceTree = "<group>";
		};
		D8F637620841F652003A6448 = {
			fileEncoding = 4;
			isa = PBXFileReference;
			lastKnownFileType = sourcecode.c.h;
			path = ReturningTypes.h;
			refType = 4;
			sourceTree = "<group>";
		};
		D8F637630841F652003A6448 = {
			fileEncoding = 4;
			isa = PBXFileReference;
			lastKnownFileType = sourcecode.c.objc;
			path = ReturningTypes.m;
			refType = 4;
			sourceTree = "<group>";
		};
		D8F637640841F652003A6448 = {
			fileEncoding = 4;
			isa = PBXFileReference;
			lastKnownFileType = sourcecode.c.h;
			path = ScriptDataPassing.h;
			refType = 4;
			sourceTree = "<group>";
		};
		D8F637650841F652003A6448 = {
			fileEncoding = 4;
			isa = PBXFileReference;
			lastKnownFileType = sourcecode.c.objc;
			path = ScriptDataPassing.m;
			refType = 4;
			sourceTree = "<group>";
		};
		D8F637660841F652003A6448 = {
			fileEncoding = 4;
			isa = PBXFileReference;
			lastKnownFileType = sourcecode.c.h;
			path = ScriptHandlerPassing.h;
			refType = 4;
			sourceTree = "<group>";
		};
		D8F637670841F652003A6448 = {
			fileEncoding = 4;
			isa = PBXFileReference;
			lastKnownFileType = sourcecode.c.objc;
			path = ScriptHandlerPassing.m;
			refType = 4;
			sourceTree = "<group>";
		};
		D8F637680841F652003A6448 = {
			fileEncoding = 4;
			isa = PBXFileReference;
			lastKnownFileType = sourcecode.c.h;
			path = ScriptObjectSpecifiers.h;
			refType = 4;
			sourceTree = "<group>";
		};
		D8F637690841F652003A6448 = {
			fileEncoding = 4;
			isa = PBXFileReference;
			lastKnownFileType = sourcecode.c.objc;
			path = ScriptObjectSpecifiers.m;
			refType = 4;
			sourceTree = "<group>";
		};
		D8F6376A0841F652003A6448 = {
			fileEncoding = 4;
			isa = PBXFileReference;
			lastKnownFileType = sourcecode.c.h;
			path = SendAppleEventTest.h;
			refType = 4;
			sourceTree = "<group>";
		};
		D8F6376C0841F652003A6448 = {
			fileEncoding = 4;
			isa = PBXFileReference;
			lastKnownFileType = sourcecode.c.h;
			path = SendAppleEventToQuitApplication.h;
			refType = 4;
			sourceTree = "<group>";
		};
		D8F6376D0841F652003A6448 = {
			fileEncoding = 4;
			isa = PBXFileReference;
			lastKnownFileType = sourcecode.c.objc;
			path = SendAppleEventToQuitApplication.m;
			refType = 4;
			sourceTree = "<group>";
		};
		D8F6376E0841F652003A6448 = {
			fileEncoding = 4;
			isa = PBXFileReference;
			lastKnownFileType = sourcecode.c.h;
			path = SettingParent.h;
			refType = 4;
			sourceTree = "<group>";
		};
		D8F6376F0841F652003A6448 = {
			fileEncoding = 4;
			isa = PBXFileReference;
			lastKnownFileType = sourcecode.c.objc;
			path = SettingParent.m;
			refType = 4;
			sourceTree = "<group>";
		};
		D8F637700841F652003A6448 = {
			fileRef = D8F6375F0841F652003A6448;
			isa = PBXBuildFile;
			settings = {
			};
		};
		D8F637710841F652003A6448 = {
			fileRef = D8F637610841F652003A6448;
			isa = PBXBuildFile;
			settings = {
			};
		};
		D8F637720841F652003A6448 = {
			fileRef = D8F637630841F652003A6448;
			isa = PBXBuildFile;
			settings = {
			};
		};
		D8F637730841F652003A6448 = {
			fileRef = D8F637650841F652003A6448;
			isa = PBXBuildFile;
			settings = {
			};
		};
		D8F637740841F652003A6448 = {
			fileRef = D8F637670841F652003A6448;
			isa = PBXBuildFile;
			settings = {
			};
		};
		D8F637750841F652003A6448 = {
			fileRef = D8F637690841F652003A6448;
			isa = PBXBuildFile;
			settings = {
			};
		};
		D8F637770841F652003A6448 = {
			fileRef = D8F6376D0841F652003A6448;
			isa = PBXBuildFile;
			settings = {
			};
		};
		D8F637780841F652003A6448 = {
			fileRef = D8F6376F0841F652003A6448;
			isa = PBXBuildFile;
			settings = {
			};
		};
		D8F637790841F66D003A6448 = {
			fileEncoding = 4;
			isa = PBXFileReference;
			lastKnownFileType = text.xml;
			path = TestClasses.plist;
			refType = 4;
			sourceTree = "<group>";
		};
		D8F6377A0841F66D003A6448 = {
			fileEncoding = 4;
			isa = PBXFileReference;
			lastKnownFileType = sourcecode.scpt;
			path = "Test Script.scpt";
			refType = 4;
			sourceTree = "<group>";
		};
		D8F6377B0841F66D003A6448 = {
			fileEncoding = 4;
			isa = PBXFileReference;
			lastKnownFileType = sourcecode.applescript;
			path = "Test Script.applescript";
			refType = 4;
			sourceTree = "<group>";
		};
		D8F6377C0841F66D003A6448 = {
			fileRef = D8F637790841F66D003A6448;
			isa = PBXBuildFile;
			settings = {
			};
		};
		D8F6377D0841F67C003A6448 = {
			children = (
				D8F6377E0841F67C003A6448,
				D8F6377F0841F67C003A6448,
			);
			isa = PBXGroup;
			path = Notes;
			refType = 4;
			sourceTree = "<group>";
		};
		D8F6377E0841F67C003A6448 = {
			isa = PBXFileReference;
			lastKnownFileType = text.rtf;
			path = Issues.rtf;
			refType = 4;
			sourceTree = "<group>";
		};
		D8F6377F0841F67C003A6448 = {
			isa = PBXFileReference;
			lastKnownFileType = text.rtf;
			path = "Specifier Format.rtf";
			refType = 4;
			sourceTree = "<group>";
		};
		D8F637800841F67C003A6448 = {
			fileRef = D8F6377E0841F67C003A6448;
			isa = PBXBuildFile;
			settings = {
			};
		};
		D8F637810841F67C003A6448 = {
			fileRef = D8F6377F0841F67C003A6448;
			isa = PBXBuildFile;
			settings = {
			};
		};
		D8F638620842006E003A6448 = {
			fileEncoding = 4;
			isa = PBXFileReference;
			lastKnownFileType = text.xml;
			path = NDScriptTest.scriptSuite;
			refType = 4;
			sourceTree = "<group>";
		};
		D8F638630842006E003A6448 = {
			fileEncoding = 4;
			isa = PBXFileReference;
			lastKnownFileType = text.xml;
			path = NDScriptTest.scriptTerminology;
			refType = 4;
			sourceTree = "<group>";
		};
		D8F638640842006E003A6448 = {
			fileRef = D8F638620842006E003A6448;
			isa = PBXBuildFile;
			settings = {
			};
		};
		D8F638650842006E003A6448 = {
			fileRef = D8F638630842006E003A6448;
			isa = PBXBuildFile;
			settings = {
			};
		};
	};
	rootObject = 29B97313FDCFA39411CA2CEA;
}
